
Microsoft Visual Studio Solution File, Format Version 12.00
# Visual Studio Version 17
VisualStudioVersion = 17.12.35527.113 d17.12
MinimumVisualStudioVersion = 10.0.40219.1
Project("{FAE04EC0-301F-11D3-BF4B-00C04F79EFBC}") = "CapaDiseño", "CapaDiseño\CapaDiseño.csproj", "{1F822809-D3BF-41AF-BF5A-3BA233FF841A}"
EndProject
Project("{FAE04EC0-301F-11D3-BF4B-00C04F79EFBC}") = "CapaDatos", "CapaDatos\CapaDatos.csproj", "{62EDFA48-F7BE-4A92-AFF7-D69C4A5769CD}"
EndProject
Global
	GlobalSection(SolutionConfigurationPlatforms) = preSolution
		Debug|Any CPU = Debug|Any CPU
		Release|Any CPU = Release|Any CPU
	EndGlobalSection
	GlobalSection(ProjectConfigurationPlatforms) = postSolution
		{1F822809-D3BF-41AF-BF5A-3BA233FF841A}.Debug|Any CPU.ActiveCfg = Debug|Any CPU
		{1F822809-D3BF-41AF-BF5A-3BA233FF841A}.Debug|Any CPU.Build.0 = Debug|Any CPU
		{1F822809-D3BF-41AF-BF5A-3BA233FF841A}.Release|Any CPU.ActiveCfg = Release|Any CPU
		{1F822809-D3BF-41AF-BF5A-3BA233FF841A}.Release|Any CPU.Build.0 = Release|Any CPU
		{62EDFA48-F7BE-4A92-AFF7-D69C4A5769CD}.Debug|Any CPU.ActiveCfg = Debug|Any CPU
		{62EDFA48-F7BE-4A92-AFF7-D69C4A5769CD}.Debug|Any CPU.Build.0 = Debug|Any CPU
		{62EDFA48-F7BE-4A92-AFF7-D69C4A5769CD}.Release|Any CPU.ActiveCfg = Release|Any CPU
		{62EDFA48-F7BE-4A92-AFF7-D69C4A5769CD}.Release|Any CPU.Build.0 = Release|Any CPU
	EndGlobalSection
	GlobalSection(SolutionProperties) = preSolution
		HideSolutionNode = FALSE
	EndGlobalSection
EndGlobal
